
Microsoft Visual Studio Solution File, Format Version 12.00
# Visual Studio Version 17
VisualStudioVersion = 17.9.34728.123
MinimumVisualStudioVersion = 10.0.40219.1
Project("{FAE04EC0-301F-11D3-BF4B-00C04F79EFBC}") = "WebDriverTask3", "WebDriverTask3\WebDriverTask3.csproj", "{94EC16BB-2620-48F0-9525-3E8D6C6BFC54}"
EndProject
Global
	GlobalSection(SolutionConfigurationPlatforms) = preSolution
		Debug|Any CPU = Debug|Any CPU
		Release|Any CPU = Release|Any CPU
	EndGlobalSection
	GlobalSection(ProjectConfigurationPlatforms) = postSolution
		{94EC16BB-2620-48F0-9525-3E8D6C6BFC54}.Debug|Any CPU.ActiveCfg = Debug|Any CPU
		{94EC16BB-2620-48F0-9525-3E8D6C6BFC54}.Debug|Any CPU.Build.0 = Debug|Any CPU
		{94EC16BB-2620-48F0-9525-3E8D6C6BFC54}.Release|Any CPU.ActiveCfg = Release|Any CPU
		{94EC16BB-2620-48F0-9525-3E8D6C6BFC54}.Release|Any CPU.Build.0 = Release|Any CPU
	EndGlobalSection
	GlobalSection(SolutionProperties) = preSolution
		HideSolutionNode = FALSE
	EndGlobalSection
	GlobalSection(ExtensibilityGlobals) = postSolution
		SolutionGuid = {957F0362-749C-49CF-B667-FBEACCA2931E}
	EndGlobalSection
EndGlobal
